# THIS IS AN AUTOGENERATED FILE. DO NOT EDIT THIS FILE DIRECTLY.
# yarn lockfile v1


cypress-file-upload@^5.0.8:
  version "5.0.8"
  resolved "https://registry.npmjs.org/cypress-file-upload/-/cypress-file-upload-5.0.8.tgz"
  integrity sha512-+8VzNabRk3zG6x8f8BWArF/xA/W0VK4IZNx3MV0jFWrJS/qKn8eHfa5nU73P9fOQAgwHFJx7zjg4lwOnljMO8g==

cypress-localstorage-commands@^1.6.1:
  version "1.6.1"
  resolved "https://registry.npmjs.org/cypress-localstorage-commands/-/cypress-localstorage-commands-1.6.1.tgz"
  integrity sha512-rvXCB0iLzC3i9y91XH4N2I55NicH62gQk5z/APblCjnNR3wWTbDs8svC7GvE1fjt9AMIHSQm1RfWx037y+TciQ==

faker@^5.5.3:
  version "5.5.3"
  resolved "https://registry.npmjs.org/faker/-/faker-5.5.3.tgz"
  integrity sha512-wLTv2a28wjUyWkbnX7u/ABZBkUkIF2fCd73V6P2oFqEGEktDfzWx4UxrSqtPRw0xPRAcjeAOIiJWqZm3pP4u3g==
